// !$*UTF8*$!
{
	archiveVersion = 1;
	classes = {
	};
	objectVersion = 46;
	objects = {

/* Begin PBXBuildFile section */
		_LinkFileRef_Millis_via_MillisTestSuite /* Millis.framework in Frameworks */ = {isa = PBXBuildFile; fileRef = "_____Product_Millis" /* Millis.framework */; };
		__src_cc_ref_Sources/Millis.swift /* Millis.swift in Sources */ = {isa = PBXBuildFile; fileRef = __PBXFileRef_Sources/Millis.swift /* Millis.swift */; };
		__src_cc_ref_Tests/Millis/MillisTests.swift /* MillisTests.swift in Sources */ = {isa = PBXBuildFile; fileRef = __PBXFileRef_Tests/Millis/MillisTests.swift /* MillisTests.swift */; };
/* End PBXBuildFile section */

/* Begin PBXContainerItemProxy section */
		201FECC91D167E30005C281B /* PBXContainerItemProxy */ = {
			isa = PBXContainerItemProxy;
			containerPortal = __RootObject_ /* Project object */;
			proxyType = 1;
			remoteGlobalIDString = "______Target_Millis";
			remoteInfo = Millis;
		};
/* End PBXContainerItemProxy section */

/* Begin PBXFileReference section */
		__PBXFileRef_Millis.xcodeproj/Configs/Project.xcconfig /* Project.xcconfig */ = {isa = PBXFileReference; lastKnownFileType = text.xcconfig; name = Project.xcconfig; path = Millis.xcodeproj/Configs/Project.xcconfig; sourceTree = "<group>"; };
		__PBXFileRef_MillisTestSuite_Info.plist /* MillisTestSuite_Info.plist */ = {isa = PBXFileReference; lastKnownFileType = text.plist.xml; name = MillisTestSuite_Info.plist; path = Millis.xcodeproj/MillisTestSuite_Info.plist; sourceTree = SOURCE_ROOT; };
		__PBXFileRef_Millis_Info.plist /* Millis_Info.plist */ = {isa = PBXFileReference; lastKnownFileType = text.plist.xml; name = Millis_Info.plist; path = Millis.xcodeproj/Millis_Info.plist; sourceTree = SOURCE_ROOT; };
		__PBXFileRef_Package.swift /* Package.swift */ = {isa = PBXFileReference; lastKnownFileType = sourcecode.swift; path = Package.swift; sourceTree = "<group>"; };
		__PBXFileRef_Sources/Millis.swift /* Millis.swift */ = {isa = PBXFileReference; lastKnownFileType = sourcecode.swift; path = Millis.swift; sourceTree = "<group>"; };
		__PBXFileRef_Tests/Millis/MillisTests.swift /* MillisTests.swift */ = {isa = PBXFileReference; lastKnownFileType = sourcecode.swift; path = MillisTests.swift; sourceTree = "<group>"; };
		"_____Product_Millis" /* Millis.framework */ = {isa = PBXFileReference; explicitFileType = wrapper.framework; path = Millis.framework; sourceTree = BUILT_PRODUCTS_DIR; };
		"_____Product_MillisTestSuite" /* MillisTestSuite.xctest */ = {isa = PBXFileReference; lastKnownFileType = file; path = MillisTestSuite.xctest; sourceTree = BUILT_PRODUCTS_DIR; };
/* End PBXFileReference section */

/* Begin PBXFrameworksBuildPhase section */
		"___LinkPhase_Millis" /* Frameworks */ = {
			isa = PBXFrameworksBuildPhase;
			buildActionMask = 0;
			files = (
			);
			runOnlyForDeploymentPostprocessing = 0;
		};
		"___LinkPhase_MillisTestSuite" /* Frameworks */ = {
			isa = PBXFrameworksBuildPhase;
			buildActionMask = 0;
			files = (
				_LinkFileRef_Millis_via_MillisTestSuite /* Millis.framework in Frameworks */,
			);
			runOnlyForDeploymentPostprocessing = 0;
		};
/* End PBXFrameworksBuildPhase section */

/* Begin PBXGroup section */
		TestProducts_ /* Tests */ = {
			isa = PBXGroup;
			children = (
				"_____Product_MillisTestSuite" /* MillisTestSuite.xctest */,
			);
			name = Tests;
			sourceTree = "<group>";
		};
		"___RootGroup_" = {
			isa = PBXGroup;
			children = (
				__PBXFileRef_Package.swift /* Package.swift */,
				"_____Configs_" /* Configs */,
				"_____Sources_" /* Sources */,
				"_______Tests_" /* Tests */,
				"____Products_" /* Products */,
			);
			sourceTree = "<group>";
		};
		"____Products_" /* Products */ = {
			isa = PBXGroup;
			children = (
				TestProducts_ /* Tests */,
				"_____Product_Millis" /* Millis.framework */,
			);
			name = Products;
			sourceTree = "<group>";
		};
		"_____Configs_" /* Configs */ = {
			isa = PBXGroup;
			children = (
				__PBXFileRef_Millis.xcodeproj/Configs/Project.xcconfig /* Project.xcconfig */,
			);
			name = Configs;
			sourceTree = "<group>";
		};
		"_____Sources_" /* Sources */ = {
			isa = PBXGroup;
			children = (
				"_______Group_Millis" /* Millis */,
			);
			name = Sources;
			sourceTree = "<group>";
		};
		"_______Group_Millis" /* Millis */ = {
			isa = PBXGroup;
			children = (
				__PBXFileRef_Sources/Millis.swift /* Millis.swift */,
				__PBXFileRef_Millis_Info.plist /* Millis_Info.plist */,
			);
			name = Millis;
			path = Sources;
			sourceTree = "<group>";
		};
		"_______Group_MillisTestSuite" /* MillisTestSuite */ = {
			isa = PBXGroup;
			children = (
				__PBXFileRef_Tests/Millis/MillisTests.swift /* MillisTests.swift */,
				__PBXFileRef_MillisTestSuite_Info.plist /* MillisTestSuite_Info.plist */,
			);
			name = MillisTestSuite;
			path = Tests/Millis;
			sourceTree = "<group>";
		};
		"_______Tests_" /* Tests */ = {
			isa = PBXGroup;
			children = (
				"_______Group_MillisTestSuite" /* MillisTestSuite */,
			);
			name = Tests;
			sourceTree = "<group>";
		};
/* End PBXGroup section */

/* Begin PBXNativeTarget section */
		"______Target_Millis" /* Millis */ = {
			isa = PBXNativeTarget;
			buildConfigurationList = "_______Confs_Millis" /* Build configuration list for PBXNativeTarget "Millis" */;
			buildPhases = (
				CompilePhase_Millis /* Sources */,
				"___LinkPhase_Millis" /* Frameworks */,
			);
			buildRules = (
			);
			dependencies = (
			);
			name = Millis;
			productName = Millis;
			productReference = "_____Product_Millis" /* Millis.framework */;
			productType = "com.apple.product-type.framework";
		};
		"______Target_MillisTestSuite" /* MillisTestSuite */ = {
			isa = PBXNativeTarget;
			buildConfigurationList = "_______Confs_MillisTestSuite" /* Build configuration list for PBXNativeTarget "MillisTestSuite" */;
			buildPhases = (
				CompilePhase_MillisTestSuite /* Sources */,
				"___LinkPhase_MillisTestSuite" /* Frameworks */,
			);
			buildRules = (
			);
			dependencies = (
				__Dependency_Millis /* PBXTargetDependency */,
			);
			name = MillisTestSuite;
			productName = MillisTestSuite;
			productReference = "_____Product_MillisTestSuite" /* MillisTestSuite.xctest */;
			productType = "com.apple.product-type.bundle.unit-test";
		};
/* End PBXNativeTarget section */

/* Begin PBXProject section */
		__RootObject_ /* Project object */ = {
			isa = PBXProject;
			attributes = {
				LastUpgradeCheck = 9999;
			};
			buildConfigurationList = "___RootConfs_" /* Build configuration list for PBXProject "Millis" */;
			compatibilityVersion = "Xcode 3.2";
			developmentRegion = English;
			hasScannedForEncodings = 0;
			knownRegions = (
				en,
			);
			mainGroup = "___RootGroup_";
			productRefGroup = "____Products_" /* Products */;
			projectDirPath = "";
			projectRoot = "";
			targets = (
				"______Target_Millis" /* Millis */,
				"______Target_MillisTestSuite" /* MillisTestSuite */,
			);
		};
/* End PBXProject section */

/* Begin PBXSourcesBuildPhase section */
		CompilePhase_Millis /* Sources */ = {
			isa = PBXSourcesBuildPhase;
			buildActionMask = 0;
			files = (
				__src_cc_ref_Sources/Millis.swift /* Millis.swift in Sources */,
			);
			runOnlyForDeploymentPostprocessing = 0;
		};
		CompilePhase_MillisTestSuite /* Sources */ = {
			isa = PBXSourcesBuildPhase;
			buildActionMask = 0;
			files = (
				__src_cc_ref_Tests/Millis/MillisTests.swift /* MillisTests.swift in Sources */,
			);
			runOnlyForDeploymentPostprocessing = 0;
		};
/* End PBXSourcesBuildPhase section */

/* Begin PBXTargetDependency section */
		__Dependency_Millis /* PBXTargetDependency */ = {
			isa = PBXTargetDependency;
			target = "______Target_Millis" /* Millis */;
			targetProxy = 201FECC91D167E30005C281B /* PBXContainerItemProxy */;
		};
/* End PBXTargetDependency section */

/* Begin XCBuildConfiguration section */
		_ReleaseConf_Millis /* Release */ = {
			isa = XCBuildConfiguration;
			buildSettings = {
				ENABLE_TESTABILITY = YES;
				INFOPLIST_FILE = Millis.xcodeproj/Millis_Info.plist;
				LD_RUNPATH_SEARCH_PATHS = "$(TOOLCHAIN_DIR)/usr/lib/swift/macosx";
				OTHER_LDFLAGS = "$(inherited)";
				OTHER_SWIFT_FLAGS = "$(inherited)";
				PRODUCT_MODULE_NAME = "$(TARGET_NAME:c99extidentifier)";
				PRODUCT_NAME = "$(TARGET_NAME:c99extidentifier)";
			};
			name = Release;
		};
		_ReleaseConf_MillisTestSuite /* Release */ = {
			isa = XCBuildConfiguration;
			buildSettings = {
				EMBEDDED_CONTENT_CONTAINS_SWIFT = YES;
				INFOPLIST_FILE = Millis.xcodeproj/MillisTestSuite_Info.plist;
				LD_RUNPATH_SEARCH_PATHS = "@loader_path/../Frameworks";
				OTHER_LDFLAGS = "$(inherited)";
				OTHER_SWIFT_FLAGS = "$(inherited)";
			};
			name = Release;
		};
		"___DebugConf_Millis" /* Debug */ = {
			isa = XCBuildConfiguration;
			buildSettings = {
				ENABLE_TESTABILITY = YES;
				INFOPLIST_FILE = Millis.xcodeproj/Millis_Info.plist;
				LD_RUNPATH_SEARCH_PATHS = "$(TOOLCHAIN_DIR)/usr/lib/swift/macosx";
				OTHER_LDFLAGS = "$(inherited)";
				OTHER_SWIFT_FLAGS = "$(inherited)";
				PRODUCT_MODULE_NAME = "$(TARGET_NAME:c99extidentifier)";
				PRODUCT_NAME = "$(TARGET_NAME:c99extidentifier)";
				SWIFT_OPTIMIZATION_LEVEL = "-Onone";
			};
			name = Debug;
		};
		"___DebugConf_MillisTestSuite" /* Debug */ = {
			isa = XCBuildConfiguration;
			buildSettings = {
				EMBEDDED_CONTENT_CONTAINS_SWIFT = YES;
				INFOPLIST_FILE = Millis.xcodeproj/MillisTestSuite_Info.plist;
				LD_RUNPATH_SEARCH_PATHS = "@loader_path/../Frameworks";
				OTHER_LDFLAGS = "$(inherited)";
				OTHER_SWIFT_FLAGS = "$(inherited)";
				SWIFT_OPTIMIZATION_LEVEL = "-Onone";
			};
			name = Debug;
		};
		"_____Release_" /* Release */ = {
			isa = XCBuildConfiguration;
			baseConfigurationReference = __PBXFileRef_Millis.xcodeproj/Configs/Project.xcconfig /* Project.xcconfig */;
			buildSettings = {
			};
			name = Release;
		};
		"_______Debug_" /* Debug */ = {
			isa = XCBuildConfiguration;
			baseConfigurationReference = __PBXFileRef_Millis.xcodeproj/Configs/Project.xcconfig /* Project.xcconfig */;
			buildSettings = {
			};
			name = Debug;
		};
/* End XCBuildConfiguration section */

/* Begin XCConfigurationList section */
		"___RootConfs_" /* Build configuration list for PBXProject "Millis" */ = {
			isa = XCConfigurationList;
			buildConfigurations = (
				"_______Debug_" /* Debug */,
				"_____Release_" /* Release */,
			);
			defaultConfigurationIsVisible = 0;
			defaultConfigurationName = Debug;
		};
		"_______Confs_Millis" /* Build configuration list for PBXNativeTarget "Millis" */ = {
			isa = XCConfigurationList;
			buildConfigurations = (
				"___DebugConf_Millis" /* Debug */,
				_ReleaseConf_Millis /* Release */,
			);
			defaultConfigurationIsVisible = 0;
			defaultConfigurationName = Debug;
		};
		"_______Confs_MillisTestSuite" /* Build configuration list for PBXNativeTarget "MillisTestSuite" */ = {
			isa = XCConfigurationList;
			buildConfigurations = (
				"___DebugConf_MillisTestSuite" /* Debug */,
				_ReleaseConf_MillisTestSuite /* Release */,
			);
			defaultConfigurationIsVisible = 0;
			defaultConfigurationName = Debug;
		};
/* End XCConfigurationList section */
	};
	rootObject = __RootObject_ /* Project object */;
}
